
Microsoft Visual Studio Solution File, Format Version 12.00
# Visual Studio Version 17
VisualStudioVersion = 17.6.33712.159
MinimumVisualStudioVersion = 10.0.40219.1
Project("{FAE04EC0-301F-11D3-BF4B-00C04F79EFBC}") = "Hierarchial_Partition_CosmosDB", "Hierarchial_Partition_CosmosDB\Hierarchial_Partition_CosmosDB.csproj", "{9B6306C2-13AA-4C56-BE31-D3E3886C97F1}"
EndProject
Global
	GlobalSection(SolutionConfigurationPlatforms) = preSolution
		Debug|Any CPU = Debug|Any CPU
		Release|Any CPU = Release|Any CPU
	EndGlobalSection
	GlobalSection(ProjectConfigurationPlatforms) = postSolution
		{9B6306C2-13AA-4C56-BE31-D3E3886C97F1}.Debug|Any CPU.ActiveCfg = Debug|Any CPU
		{9B6306C2-13AA-4C56-BE31-D3E3886C97F1}.Debug|Any CPU.Build.0 = Debug|Any CPU
		{9B6306C2-13AA-4C56-BE31-D3E3886C97F1}.Release|Any CPU.ActiveCfg = Release|Any CPU
		{9B6306C2-13AA-4C56-BE31-D3E3886C97F1}.Release|Any CPU.Build.0 = Release|Any CPU
	EndGlobalSection
	GlobalSection(SolutionProperties) = preSolution
		HideSolutionNode = FALSE
	EndGlobalSection
	GlobalSection(ExtensibilityGlobals) = postSolution
		SolutionGuid = {9A1BDA5A-B6C5-480C-BA3A-57014F2167CF}
	EndGlobalSection
EndGlobal
