
Microsoft Visual Studio Solution File, Format Version 12.00
# Visual Studio Version 17
VisualStudioVersion = 17.6.33801.468
MinimumVisualStudioVersion = 10.0.40219.1
Project("{FAE04EC0-301F-11D3-BF4B-00C04F79EFBC}") = "OCR Image to Text", "OCR Image to Text\OCR Image to Text.csproj", "{CC640DA6-C596-48D1-BBA3-3207AB1E08EF}"
EndProject
Global
	GlobalSection(SolutionConfigurationPlatforms) = preSolution
		Debug|Any CPU = Debug|Any CPU
		Release|Any CPU = Release|Any CPU
	EndGlobalSection
	GlobalSection(ProjectConfigurationPlatforms) = postSolution
		{CC640DA6-C596-48D1-BBA3-3207AB1E08EF}.Debug|Any CPU.ActiveCfg = Debug|Any CPU
		{CC640DA6-C596-48D1-BBA3-3207AB1E08EF}.Debug|Any CPU.Build.0 = Debug|Any CPU
		{CC640DA6-C596-48D1-BBA3-3207AB1E08EF}.Release|Any CPU.ActiveCfg = Release|Any CPU
		{CC640DA6-C596-48D1-BBA3-3207AB1E08EF}.Release|Any CPU.Build.0 = Release|Any CPU
	EndGlobalSection
	GlobalSection(SolutionProperties) = preSolution
		HideSolutionNode = FALSE
	EndGlobalSection
	GlobalSection(ExtensibilityGlobals) = postSolution
		SolutionGuid = {E608634E-4F2D-4A4C-A349-4AB57A9240F4}
	EndGlobalSection
EndGlobal
